Microsoft Visual Studio Solution File, Format Version 12.00
# Visual Studio 15
VisualStudioVersion = 15.0.26730.16
MinimumVisualStudioVersion = 10.0.40219.1
Project("{FAE04EC0-301F-11D3-BF4B-00C04F79EFBC}") = "IO.Swagger", "src\IO.Swagger\IO.Swagger.csproj", "{02CFD22F-672A-4F6C-B208-BBBCA3DC64EF}"
EndProject
Project("{FAE04EC0-301F-11D3-BF4B-00C04F79EFBC}") = "IO.Swagger.Test", "src\IO.Swagger.Test\IO.Swagger.Test.csproj", "{19F1DEBC-DE5E-4517-8062-F000CD499087}"
EndProject
Project("{FAE04EC0-301F-11D3-BF4B-00C04F79EFBC}") = "ConsoleApp1", "src\ConsoleApp1\ConsoleApp1.csproj", "{F1C8BC05-14EA-46EB-A1C2-1DC7E3BB9162}"
EndProject
Global
	GlobalSection(SolutionConfigurationPlatforms) = preSolution
		Debug|Any CPU = Debug|Any CPU
		Release|Any CPU = Release|Any CPU
	EndGlobalSection
	GlobalSection(ProjectConfigurationPlatforms) = postSolution
		{02CFD22F-672A-4F6C-B208-BBBCA3DC64EF}.Debug|Any CPU.ActiveCfg = Debug|Any CPU
		{02CFD22F-672A-4F6C-B208-BBBCA3DC64EF}.Debug|Any CPU.Build.0 = Debug|Any CPU
		{02CFD22F-672A-4F6C-B208-BBBCA3DC64EF}.Release|Any CPU.ActiveCfg = Release|Any CPU
		{02CFD22F-672A-4F6C-B208-BBBCA3DC64EF}.Release|Any CPU.Build.0 = Release|Any CPU
		{19F1DEBC-DE5E-4517-8062-F000CD499087}.Debug|Any CPU.ActiveCfg = Debug|Any CPU
		{19F1DEBC-DE5E-4517-8062-F000CD499087}.Debug|Any CPU.Build.0 = Debug|Any CPU
		{19F1DEBC-DE5E-4517-8062-F000CD499087}.Release|Any CPU.ActiveCfg = Release|Any CPU
		{19F1DEBC-DE5E-4517-8062-F000CD499087}.Release|Any CPU.Build.0 = Release|Any CPU
		{F1C8BC05-14EA-46EB-A1C2-1DC7E3BB9162}.Debug|Any CPU.ActiveCfg = Debug|Any CPU
		{F1C8BC05-14EA-46EB-A1C2-1DC7E3BB9162}.Debug|Any CPU.Build.0 = Debug|Any CPU
		{F1C8BC05-14EA-46EB-A1C2-1DC7E3BB9162}.Release|Any CPU.ActiveCfg = Release|Any CPU
		{F1C8BC05-14EA-46EB-A1C2-1DC7E3BB9162}.Release|Any CPU.Build.0 = Release|Any CPU
	EndGlobalSection
	GlobalSection(SolutionProperties) = preSolution
		HideSolutionNode = FALSE
	EndGlobalSection
	GlobalSection(ExtensibilityGlobals) = postSolution
		SolutionGuid = {F287EE8F-8753-4A0B-BDE7-D434C9A95A96}
	EndGlobalSection
EndGlobal
